{
  "version": 4,
  "terraform_version": "1.11.4",
  "serial": 1939,
  "lineage": "849a3848-8205-9b90-34b0-a9e37b462283",
  "outputs": {},
  "resources": [
    {
      "module": "module.cloudwatch",
      "mode": "managed",
      "type": "aws_cloudwatch_log_group",
      "name": "carbon_log",
      "provider": "provider[\"registry.terraform.io/hashicorp/aws\"]",
      "instances": [
        {
          "schema_version": 0,
          "attributes": {
            "arn": "arn:aws:logs:ap-northeast-2:390403881443:log-group:/offsets/carbon_log",
            "id": "/offsets/carbon_log",
            "kms_key_id": "",
            "log_group_class": "STANDARD",
            "name": "/offsets/carbon_log",
            "name_prefix": "",
            "region": "ap-northeast-2",
            "retention_in_days": 30,
            "skip_destroy": false,
            "tags": {
              "Project": "offsets-pipeline"
            },
            "tags_all": {
              "Project": "offsets-pipeline"
            }
          },
          "sensitive_attributes": [],
          "private": "bnVsbA=="
        }
      ]
    },
    {
      "module": "module.cloudwatch",
      "mode": "managed",
      "type": "aws_cloudwatch_log_metric_filter",
      "name": "job_failed",
      "provider": "provider[\"registry.terraform.io/hashicorp/aws\"]",
      "instances": [
        {
          "schema_version": 0,
          "attributes": {
            "apply_on_transformed_logs": false,
            "id": "carbon_unified_job_failed",
            "log_group_name": "/offsets/carbon_log",
            "metric_transformation": [
              {
                "default_value": "",
                "dimensions": null,
                "name": "CarbonUnifiedJobFailed",
                "namespace": "OffsetsPipeline",
                "unit": "Count",
                "value": "1"
              }
            ],
            "name": "carbon_unified_job_failed",
            "pattern": "JOB_STATUS=FAILED",
            "region": "ap-northeast-2"
          },
          "sensitive_attributes": [],
          "private": "bnVsbA==",
          "dependencies": [
            "module.cloudwatch.aws_cloudwatch_log_group.carbon_log"
          ]
        }
      ]
    },
    {
      "module": "module.cloudwatch",
      "mode": "managed",
      "type": "aws_cloudwatch_log_metric_filter",
      "name": "job_success",
      "provider": "provider[\"registry.terraform.io/hashicorp/aws\"]",
      "instances": [
        {
          "schema_version": 0,
          "attributes": {
            "apply_on_transformed_logs": false,
            "id": "carbon_unified_job_success",
            "log_group_name": "/offsets/carbon_log",
            "metric_transformation": [
              {
                "default_value": "",
                "dimensions": null,
                "name": "CarbonUnifiedJobSuccess",
                "namespace": "OffsetsPipeline",
                "unit": "Count",
                "value": "1"
              }
            ],
            "name": "carbon_unified_job_success",
            "pattern": "JOB_STATUS=SUCCESS",
            "region": "ap-northeast-2"
          },
          "sensitive_attributes": [],
          "private": "bnVsbA==",
          "dependencies": [
            "module.cloudwatch.aws_cloudwatch_log_group.carbon_log"
          ]
        }
      ]
    },
    {
      "module": "module.cloudwatch",
      "mode": "managed",
      "type": "aws_cloudwatch_metric_alarm",
      "name": "job_failed_alarm",
      "provider": "provider[\"registry.terraform.io/hashicorp/aws\"]",
      "instances": [
        {
          "schema_version": 1,
          "attributes": {
            "actions_enabled": true,
            "alarm_actions": [
              "arn:aws:sns:ap-northeast-2:390403881443:offsets-carbon-alerts"
            ],
            "alarm_description": "Offsets carbon_unified_db2 job FAILED detected in logs.",
            "alarm_name": "carbon-unified-job-failed-alarm",
            "arn": "arn:aws:cloudwatch:ap-northeast-2:390403881443:alarm:carbon-unified-job-failed-alarm",
            "comparison_operator": "GreaterThanOrEqualToThreshold",
            "datapoints_to_alarm": 0,
            "dimensions": null,
            "evaluate_low_sample_count_percentiles": "",
            "evaluation_periods": 1,
            "extended_statistic": "",
            "id": "carbon-unified-job-failed-alarm",
            "insufficient_data_actions": null,
            "metric_name": "CarbonUnifiedJobFailed",
            "metric_query": [],
            "namespace": "OffsetsPipeline",
            "ok_actions": [
              "arn:aws:sns:ap-northeast-2:390403881443:offsets-carbon-alerts"
            ],
            "period": 300,
            "region": "ap-northeast-2",
            "statistic": "Sum",
            "tags": null,
            "tags_all": {},
            "threshold": 1,
            "threshold_metric_id": "",
            "treat_missing_data": "notBreaching",
            "unit": ""
          },
          "sensitive_attributes": [],
          "private": "eyJzY2hlbWFfdmVyc2lvbiI6IjEifQ==",
          "dependencies": [
            "module.sns.aws_sns_topic.alerts"
          ]
        }
      ]
    },
    {
      "module": "module.cloudwatch",
      "mode": "managed",
      "type": "aws_cloudwatch_metric_alarm",
      "name": "job_success_alarm",
      "provider": "provider[\"registry.terraform.io/hashicorp/aws\"]",
      "instances": [
        {
          "schema_version": 1,
          "attributes": {
            "actions_enabled": true,
            "alarm_actions": [
              "arn:aws:sns:ap-northeast-2:390403881443:offsets-carbon-alerts"
            ],
            "alarm_description": "Offsets carbon_unified_db2 job SUCCESS detected in logs.",
            "alarm_name": "carbon-unified-job-success-alarm",
            "arn": "arn:aws:cloudwatch:ap-northeast-2:390403881443:alarm:carbon-unified-job-success-alarm",
            "comparison_operator": "GreaterThanOrEqualToThreshold",
            "datapoints_to_alarm": 0,
            "dimensions": null,
            "evaluate_low_sample_count_percentiles": "",
            "evaluation_periods": 1,
            "extended_statistic": "",
            "id": "carbon-unified-job-success-alarm",
            "insufficient_data_actions": null,
            "metric_name": "CarbonUnifiedJobSuccess",
            "metric_query": [],
            "namespace": "OffsetsPipeline",
            "ok_actions": [
              "arn:aws:sns:ap-northeast-2:390403881443:offsets-carbon-alerts"
            ],
            "period": 300,
            "region": "ap-northeast-2",
            "statistic": "Sum",
            "tags": null,
            "tags_all": {},
            "threshold": 1,
            "threshold_metric_id": "",
            "treat_missing_data": "notBreaching",
            "unit": ""
          },
          "sensitive_attributes": [],
          "private": "eyJzY2hlbWFfdmVyc2lvbiI6IjEifQ==",
          "dependencies": [
            "module.sns.aws_sns_topic.alerts"
          ]
        }
      ]
    },
    {
      "module": "module.iamrole",
      "mode": "managed",
      "type": "aws_iam_instance_profile",
      "name": "app_instance_profile",
      "provider": "provider[\"registry.terraform.io/hashicorp/aws\"]",
      "instances": [
        {
          "schema_version": 0,
          "attributes": {
            "arn": "arn:aws:iam::390403881443:instance-profile/app-ec2-instance-profile",
            "create_date": "2025-12-02T04:46:29Z",
            "id": "app-ec2-instance-profile",
            "name": "app-ec2-instance-profile",
            "name_prefix": "",
            "path": "/",
            "role": "app-ec2-role",
            "tags": null,
            "tags_all": {},
            "unique_id": "AIPAVVZPCPHR3AEZJURRS"
          },
          "sensitive_attributes": [],
          "private": "bnVsbA==",
          "dependencies": [
            "module.iamrole.aws_iam_role.app_ec2_role"
          ]
        }
      ]
    },
    {
      "module": "module.iamrole",
      "mode": "managed",
      "type": "aws_iam_policy",
      "name": "cloudwatch_agent",
      "provider": "provider[\"registry.terraform.io/hashicorp/aws\"]",
      "instances": [
        {
          "schema_version": 0,
          "attributes": {
            "arn": "arn:aws:iam::390403881443:policy/carbon-cloudwatch-agent-policy",
            "attachment_count": 0,
            "description": "Allow CloudWatch Agent to send logs and metrics",
            "id": "arn:aws:iam::390403881443:policy/carbon-cloudwatch-agent-policy",
            "name": "carbon-cloudwatch-agent-policy",
            "name_prefix": "",
            "path": "/",
            "policy": "{\"Statement\":[{\"Action\":[\"logs:CreateLogGroup\",\"logs:CreateLogStream\",\"logs:PutLogEvents\",\"logs:DescribeLogStreams\"],\"Effect\":\"Allow\",\"Resource\":\"*\"},{\"Action\":[\"cloudwatch:PutMetricData\"],\"Effect\":\"Allow\",\"Resource\":\"*\"}],\"Version\":\"2012-10-17\"}",
            "policy_id": "ANPAVVZPCPHRU2GA2GGUV",
            "tags": null,
            "tags_all": {}
          },
          "sensitive_attributes": [],
          "private": "bnVsbA=="
        }
      ]
    },
    {
      "module": "module.iamrole",
      "mode": "managed",
      "type": "aws_iam_role",
      "name": "app_ec2_role",
      "provider": "provider[\"registry.terraform.io/hashicorp/aws\"]",
      "instances": [
        {
          "schema_version": 0,
          "attributes": {
            "arn": "arn:aws:iam::390403881443:role/app-ec2-role",
            "assume_role_policy": "{\"Statement\":[{\"Action\":\"sts:AssumeRole\",\"Effect\":\"Allow\",\"Principal\":{\"Service\":\"ec2.amazonaws.com\"}}],\"Version\":\"2012-10-17\"}",
            "create_date": "2025-12-02T04:46:27Z",
            "description": "",
            "force_detach_policies": false,
            "id": "app-ec2-role",
            "inline_policy": [],
            "managed_policy_arns": [],
            "max_session_duration": 3600,
            "name": "app-ec2-role",
            "name_prefix": "",
            "path": "/",
            "permissions_boundary": "",
            "tags": null,
            "tags_all": {},
            "unique_id": "AROAVVZPCPHRQZQNBMKJE"
          },
          "sensitive_attributes": [],
          "private": "bnVsbA=="
        }
      ]
    },
    {
      "module": "module.iamrole",
      "mode": "managed",
      "type": "aws_iam_role_policy",
      "name": "app_ec2_s3_policy",
      "provider": "provider[\"registry.terraform.io/hashicorp/aws\"]",
      "instances": [
        {
          "schema_version": 0,
          "attributes": {
            "id": "app-ec2-role:app-ec2-s3-put-policy",
            "name": "app-ec2-s3-put-policy",
            "name_prefix": "",
            "policy": "{\"Version\":\"2012-10-17\",\"Statement\":[{\"Action\":[\"s3:PutObject\",\"s3:PutObjectAcl\"],\"Effect\":\"Allow\",\"Resource\":\"arn:aws:s3:::vcm-bucket25/*\"}]}",
            "role": "app-ec2-role"
          },
          "sensitive_attributes": [],
          "private": "bnVsbA==",
          "dependencies": [
            "module.iamrole.aws_iam_role.app_ec2_role"
          ]
        }
      ]
    },
    {
      "module": "module.iamrole",
      "mode": "managed",
      "type": "aws_iam_role_policy_attachment",
      "name": "app_ec2_attach_cloudwatch",
      "provider": "provider[\"registry.terraform.io/hashicorp/aws\"]",
      "instances": [
        {
          "schema_version": 0,
          "attributes": {
            "id": "app-ec2-role/arn:aws:iam::390403881443:policy/carbon-cloudwatch-agent-policy",
            "policy_arn": "arn:aws:iam::390403881443:policy/carbon-cloudwatch-agent-policy",
            "role": "app-ec2-role"
          },
          "sensitive_attributes": [],
          "private": "bnVsbA==",
          "dependencies": [
            "module.iamrole.aws_iam_policy.cloudwatch_agent",
            "module.iamrole.aws_iam_role.app_ec2_role"
          ]
        }
      ]
    },
    {
      "module": "module.igw",
      "mode": "managed",
      "type": "aws_internet_gateway",
      "name": "igw",
      "provider": "provider[\"registry.terraform.io/hashicorp/aws\"]",
      "instances": [
        {
          "schema_version": 0,
          "attributes": {
            "arn": "arn:aws:ec2:ap-northeast-2:390403881443:internet-gateway/igw-06c877f60e3b1f64f",
            "id": "igw-06c877f60e3b1f64f",
            "owner_id": "390403881443",
            "region": "ap-northeast-2",
            "tags": {
              "Name": "cloud-igw"
            },
            "tags_all": {
              "Name": "cloud-igw"
            },
            "timeouts": null,
            "vpc_id": "vpc-0748494bfb8aedfd0"
          },
          "sensitive_attributes": [],
          "private": "eyJlMmJmYjczMC1lY2FhLTExZTYtOGY4OC0zNDM2M2JjN2M0YzAiOnsiY3JlYXRlIjoxMjAwMDAwMDAwMDAwLCJkZWxldGUiOjEyMDAwMDAwMDAwMDAsInVwZGF0ZSI6MTIwMDAwMDAwMDAwMH19",
          "dependencies": [
            "module.vpc.aws_vpc.cloud4"
          ]
        }
      ]
    },
    {
      "module": "module.instance",
      "mode": "managed",
      "type": "aws_instance",
      "name": "app",
      "provider": "provider[\"registry.terraform.io/hashicorp/aws\"]",
      "instances": [
        {
          "schema_version": 2,
          "attributes": {
            "ami": "ami-05db56a8ea18b4dc5",
            "arn": "arn:aws:ec2:ap-northeast-2:390403881443:instance/i-09f103735578016da",
            "associate_public_ip_address": true,
            "availability_zone": "ap-northeast-2a",
            "capacity_reservation_specification": [
              {
                "capacity_reservation_preference": "open",
                "capacity_reservation_target": []
              }
            ],
            "cpu_options": [
              {
                "amd_sev_snp": "",
                "core_count": 1,
                "threads_per_core": 2
              }
            ],
            "credit_specification": [
              {
                "cpu_credits": "unlimited"
              }
            ],
            "disable_api_stop": false,
            "disable_api_termination": false,
            "ebs_block_device": [],
            "ebs_optimized": false,
            "enable_primary_ipv6": null,
            "enclave_options": [
              {
                "enabled": false
              }
            ],
            "ephemeral_block_device": [],
            "force_destroy": false,
            "get_password_data": false,
            "hibernation": false,
            "host_id": "",
            "host_resource_group_arn": null,
            "iam_instance_profile": "app-ec2-instance-profile",
            "id": "i-09f103735578016da",
            "instance_initiated_shutdown_behavior": "stop",
            "instance_lifecycle": "",
            "instance_market_options": [],
            "instance_state": "running",
            "instance_type": "t3.small",
            "ipv6_address_count": 0,
            "ipv6_addresses": [],
            "key_name": "app_key.pem",
            "launch_template": [
              {
                "id": "lt-0a06537114e5e0b89",
                "name": "cloudami-20251202044640551400000003",
                "version": "$Latest"
              }
            ],
            "maintenance_options": [
              {
                "auto_recovery": "default"
              }
            ],
            "metadata_options": [
              {
                "http_endpoint": "enabled",
                "http_protocol_ipv6": "disabled",
                "http_put_response_hop_limit": 1,
                "http_tokens": "optional",
                "instance_metadata_tags": "disabled"
              }
            ],
            "monitoring": false,
            "network_interface": [],
            "outpost_arn": "",
            "password_data": "",
            "placement_group": "",
            "placement_group_id": "",
            "placement_partition_number": 0,
            "primary_network_interface": [
              {
                "delete_on_termination": true,
                "network_interface_id": "eni-0ba25bdae081d0f77"
              }
            ],
            "primary_network_interface_id": "eni-0ba25bdae081d0f77",
            "private_dns": "ip-192-168-108-6.ap-northeast-2.compute.internal",
            "private_dns_name_options": [
              {
                "enable_resource_name_dns_a_record": false,
                "enable_resource_name_dns_aaaa_record": false,
                "hostname_type": "ip-name"
              }
            ],
            "private_ip": "192.168.108.6",
            "public_dns": "ec2-43-203-169-28.ap-northeast-2.compute.amazonaws.com",
            "public_ip": "43.203.169.28",
            "region": "ap-northeast-2",
            "root_block_device": [
              {
                "delete_on_termination": false,
                "device_name": "/dev/sda1",
                "encrypted": false,
                "iops": 3000,
                "kms_key_id": "",
                "tags": null,
                "tags_all": {},
                "throughput": 125,
                "volume_id": "vol-0e04ca5c29c76ba5b",
                "volume_size": 10,
                "volume_type": "gp3"
              }
            ],
            "secondary_private_ips": [],
            "security_groups": [],
            "source_dest_check": true,
            "spot_instance_request_id": "",
            "subnet_id": "subnet-0e6097fb0c6c9e5cb",
            "tags": {
              "Name": "app-ec2"
            },
            "tags_all": {
              "Name": "app-ec2"
            },
            "tenancy": "default",
            "timeouts": null,
            "user_data": null,
            "user_data_base64": null,
            "user_data_replace_on_change": false,
            "volume_tags": null,
            "vpc_security_group_ids": [
              "sg-0105ca2d43bce06a3"
            ]
          },
          "sensitive_attributes": [],
          "private": "eyJlMmJmYjczMC1lY2FhLTExZTYtOGY4OC0zNDM2M2JjN2M0YzAiOnsiY3JlYXRlIjo2MDAwMDAwMDAwMDAsImRlbGV0ZSI6MTIwMDAwMDAwMDAwMCwicmVhZCI6OTAwMDAwMDAwMDAwLCJ1cGRhdGUiOjYwMDAwMDAwMDAwMH0sInNjaGVtYV92ZXJzaW9uIjoiMiJ9",
          "dependencies": [
            "module.iamrole.aws_iam_instance_profile.app_instance_profile",
            "module.iamrole.aws_iam_role.app_ec2_role",
            "module.instance.aws_launch_template.cloudami_template",
            "module.key.aws_key_pair.app_key",
            "module.key.tls_private_key.app_key",
            "module.sg.aws_security_group.ec2_sg",
            "module.subnet.aws_subnet.public_subnet_ids",
            "module.vpc.aws_vpc.cloud4"
          ]
        }
      ]
    },
    {
      "module": "module.instance",
      "mode": "managed",
      "type": "aws_launch_template",
      "name": "cloudami_template",
      "provider": "provider[\"registry.terraform.io/hashicorp/aws\"]",
      "instances": [
        {
          "schema_version": 1,
          "attributes": {
            "arn": "arn:aws:ec2:ap-northeast-2:390403881443:launch-template/lt-0a06537114e5e0b89",
            "block_device_mappings": [
              {
                "device_name": "/dev/sda1",
                "ebs": [
                  {
                    "delete_on_termination": "false",
                    "encrypted": "",
                    "iops": 0,
                    "kms_key_id": "",
                    "snapshot_id": "",
                    "throughput": 0,
                    "volume_initialization_rate": 0,
                    "volume_size": 10,
                    "volume_type": "gp3"
                  }
                ],
                "no_device": "",
                "virtual_name": ""
              }
            ],
            "capacity_reservation_specification": [],
            "cpu_options": [],
            "credit_specification": [],
            "default_version": 1,
            "description": "",
            "disable_api_stop": false,
            "disable_api_termination": false,
            "ebs_optimized": "",
            "enclave_options": [],
            "hibernation_options": [],
            "iam_instance_profile": [],
            "id": "lt-0a06537114e5e0b89",
            "image_id": "ami-05db56a8ea18b4dc5",
            "instance_initiated_shutdown_behavior": "",
            "instance_market_options": [],
            "instance_requirements": [],
            "instance_type": "t3.small",
            "kernel_id": "",
            "key_name": "app_key.pem",
            "latest_version": 1,
            "license_specification": [],
            "maintenance_options": [],
            "metadata_options": [],
            "monitoring": [],
            "name": "cloudami-20251202044640551400000003",
            "name_prefix": "cloudami-",
            "network_interfaces": [
              {
                "associate_carrier_ip_address": "",
                "associate_public_ip_address": "",
                "connection_tracking_specification": [],
                "delete_on_termination": "",
                "description": "",
                "device_index": 0,
                "ena_srd_specification": [],
                "interface_type": "",
                "ipv4_address_count": 0,
                "ipv4_addresses": null,
                "ipv4_prefix_count": 0,
                "ipv4_prefixes": null,
                "ipv6_address_count": 0,
                "ipv6_addresses": null,
                "ipv6_prefix_count": 0,
                "ipv6_prefixes": null,
                "network_card_index": 0,
                "network_interface_id": "",
                "primary_ipv6": "",
                "private_ip_address": "",
                "security_groups": [
                  "sg-0105ca2d43bce06a3"
                ],
                "subnet_id": ""
              }
            ],
            "placement": [],
            "private_dns_name_options": [],
            "ram_disk_id": "",
            "region": "ap-northeast-2",
            "security_group_names": null,
            "tag_specifications": [
              {
                "resource_type": "instance",
                "tags": {
                  "Name": "cloudami"
                }
              }
            ],
            "tags": null,
            "tags_all": {},
            "update_default_version": null,
            "user_data": "",
            "vpc_security_group_ids": null
          },
          "sensitive_attributes": [],
          "private": "eyJzY2hlbWFfdmVyc2lvbiI6IjEifQ==",
          "dependencies": [
            "module.key.aws_key_pair.app_key",
            "module.key.tls_private_key.app_key",
            "module.sg.aws_security_group.ec2_sg",
            "module.vpc.aws_vpc.cloud4"
          ]
        }
      ]
    },
    {
      "module": "module.key",
      "mode": "managed",
      "type": "aws_key_pair",
      "name": "app_key",
      "provider": "provider[\"registry.terraform.io/hashicorp/aws\"]",
      "instances": [
        {
          "schema_version": 1,
          "attributes": {
            "arn": "arn:aws:ec2:ap-northeast-2:390403881443:key-pair/app_key.pem",
            "fingerprint": "01:40:02:ff:13:33:c3:21:13:5e:b5:dc:03:26:3c:c7",
            "id": "app_key.pem",
            "key_name": "app_key.pem",
            "key_name_prefix": "",
            "key_pair_id": "key-044b2239856d7635d",
            "key_type": "rsa",
            "public_key": "ssh-rsa AAAAB3NzaC1yc2EAAAADAQABAAACAQDaWVfjr33xlE1tBdRfxXfyGJo0ZoshnY+eX99qdF+S84iPGNybfW1Ql2ycxHnO1GwoBaTXBlxruzewj4BeHSv0PRnNgh8zQHzfXB+dGCpfd4yfVgq5WDTxzJCsX3MH52EVFuJx3TpQ1HkPppUqB6NHZ+L6n942dXS1WJ83DZQGXlH5IMTKo8/IqaDqOVaAOQiKlEVYBUOzr6YRO8OcLLNjrVk/aDoMAAb7ZIYwcfKRhqBgtUm2Yg0Ei0GJfK/+yhzlA170VMXRd+zfkKeTMtB9QJOdpM0khtxojSQOqisjCbPCZ6DSSihdujgOWNUWaG65tSk/kKLymlZPM0XKVHp5GcksVWGtgRClogMFzjiRb5N/QAhpj+kv1P8MrkBzrjQYsx+CGZvPWJK7nfFI1QmcNlPkTiMA5lf5MQn0+JYJb2H/xAq+9g2N7zWG5t3L1dODAdK2+weQKkCsjni74pVMkB6pvq5yXfaE9UNvnaIAhstHvMC1vw/gbmymG6LS7JSmZSe+J9TD/YfzOE9s2Mi3kXgXWSEG2xdKxR3IcaUOqOttW2yrfX7w9UDbaEbCMYw/wtWEou279FzzZgTRrFJrDUE0MEQWRl29uKDbuScmSZ+y90msqASMFlVkWssWecPKx5jjU7+eZb0Dp0VvD6/MVEEiBj0DXR5A7vFNQy7mjQ==",
            "region": "ap-northeast-2",
            "tags": null,
            "tags_all": {}
          },
          "sensitive_attributes": [],
          "private": "eyJzY2hlbWFfdmVyc2lvbiI6IjEifQ==",
          "dependencies": [
            "module.key.tls_private_key.app_key"
          ]
        }
      ]
    },
    {
      "module": "module.key",
      "mode": "managed",
      "type": "local_file",
      "name": "app_private_key",
      "provider": "provider[\"registry.terraform.io/hashicorp/local\"]",
      "instances": [
        {
          "schema_version": 0,
          "attributes": {
            "content": "-----BEGIN RSA PRIVATE KEY-----\nMIIJJwIBAAKCAgEA2llX46998ZRNbQXUX8V38hiaNGaLIZ2Pnl/fanRfkvOIjxjc\nm31tUJdsnMR5ztRsKAWk1wZca7s3sI+AXh0r9D0ZzYIfM0B831wfnRgqX3eMn1YK\nuVg08cyQrF9zB+dhFRbicd06UNR5D6aVKgejR2fi+p/eNnV0tVifNw2UBl5R+SDE\nyqPPyKmg6jlWgDkIipRFWAVDs6+mETvDnCyzY61ZP2g6DAAG+2SGMHHykYagYLVJ\ntmINBItBiXyv/soc5QNe9FTF0Xfs35CnkzLQfUCTnaTNJIbcaI0kDqorIwmzwmeg\n0kooXbo4DljVFmhuubUpP5Ci8ppWTzNFylR6eRnJLFVhrYEQpaIDBc44kW+Tf0AI\naY/pL9T/DK5Ac640GLMfghmbz1iSu53xSNUJnDZT5E4jAOZX+TEJ9PiWCW9h/8QK\nvvYNje81hubdy9XTgwHStvsHkCpArI54u+KVTJAeqb6ucl32hPVDb52iAIbLR7zA\ntb8P4G5sphui0uyUpmUnvifUw/2H8zhPbNjIt5F4F1khBtsXSsUdyHGlDqjrbVts\nq31+8PVA22hGwjGMP8LVhKLtu/Rc82YE0axSaw1BNDBEFkZdvbig27knJkmfsvdJ\nrKgEjBZVZFrLFnnDyseY41O/nmW9A6dFbw+vzFRBIgY9A10eQO7xTUMu5o0CAwEA\nAQKCAgBW6DqwODhzwCh1HV3jZLCSHrK56pq0HYd9bQF62Kj1z5LqCeY8yVaKPksP\ntrAY37nQ0DZFE5YTlyfaUbOxQgEtrGgpwQH0H1XUfVFj8Ktk5iuFe/S2wuIH3/kx\ncqhRXAnrH/mvgnNkmr04uoAig3m8wR+5y4nhuSxjxctRWUkyo7YS57UMRtk8MDAJ\nKhtA2/KHXe6f0zCYQ3Bg6Z24+p3ILcYZE74O6q/cva0feSsoOyJ4e4/EVRCDX34N\nYCCY1A9eI9JWg6tc7VPNxEC+uPn88IgQtfik8jymLI9OevLCdmkjFqYPLU8Vxznq\nk/b0fUqdBftN/p6s2ztBONItbyRzdFvvdGqXi9Lx8881XxWr4SiVemI3eEPubt66\nD1oHie9bNfDAGCVSRdeaC4l36tUboGD/Yu+HhaUWDnSrltWvO/uDlbzj0/sIFq/3\nEQr++1zk0GCEHoDCy2jBu4wU3u7xARf7dkeejYZbkOXXFFvtD+l8c5ZLXNRhnNIn\n5tPHJ3ZI7ellddYrZ3ff5vzG1NpMdJR/gYODf6f+PMWqxFqzFbUNg7HL8eRj1AXw\nrfVOpZeRLJ0d3ACAHnI/OJFPvES6w4hoeL8EoEZClhNQYQAYVLYUTela5quBqjrc\njknTrDc5OnkO1gc9+3TAVvS03yA7fhp2MEmxtHQELtuCmQofjQKCAQEA/gGCBaBe\n8RxXeHp0wQs+pz7Xc8y0fhbZ0El7o9xFtuKbcX+/cOG/IIV55lH5+SMc8EVswN7i\nBMbgrTgfOnPohNMHJhqZ/+DVxtYLlefruNITPSqysyhI9Hp+cMRE/NFwEYSe6/Yw\nfAEu1DN1FdL0veAWHpEsdfGGO3GkhEham8V5rA0x9j9woQMOxqpMpc67t6wyvNdd\ncNp0c6LcB3oHh1H+YAN8j7OE9s4nEEJp8dJzwvN0CRRFM7yNcSTy0m34i0MUVKFz\nuMVulnhGKB+yDSrmSabhzNGkia/eWzHlP+r6rF0fVqrp0xjgRc71ORmFyrwPAFNM\nNzyyRxpLzLRUnwKCAQEA3BAsZ0Tnc53EXYRaxtvbbO1+V+4APZuqL5DSyMYJZjLe\nMmIZJsjR0cpYcf8KMmG31lE0eSru6IJZIByFAdkDWYdUivj9uers16bXm5D/ErtD\nprrf3tBRj+463xBFXaLO4c/yDMJlnUA8jRn9PLsombyzdRO5Q/Bylcpy7JyCUFf9\nIflBMTlL9xQB3iwSLa947CYzg/fhijyLNqjFAE8XGsR0y2M4S2hhibPBSiFUXRFX\nNdkIALAEk3puT2TtO53GnyEDb1UNFPstazcnV3SDuYNN+AoqdHEIuToKtm5Glz0W\ntjblD6h8SsZ9TNLHaQgSy0tOSu+7RLg5VVYD0pYpUwKCAQAwXpkj+SYbRApkJu2U\n1U9ZCd59br3wROm1gEjLK2cbLIvtUSZjmJmM194evf2cM9OO7amIEOl5f2XJlqZb\nuzbMFGOIHgi1cVtEQf5yzXdV+qsvOrJM657471qknruEaV2t+FNLG9afxpnkTug8\n/68beVC9AWg2DYhCSaHKjvyyLSi+WsTo36vS/YIS0ttFt9iHYYNH8rsYgoEqhBji\nU5qbakHGhuNxef4YAanurrb+FdV1imbOU83ZzE4i/aY/7DEoU93LP/OJfA9TGBRE\nD8UYPNMds2nMVx++GH9/XkEJqvWRXSpalrFwQYxzvrVz6ihQMv+oUDRzUFuirp9A\nnBaBAoIBACTCItihHtQmHz3LtOoQoWdhiEAhxjKERPorA7p7seg7SPg7gJ4E319e\noEVyZ36g6fdHmy8+J6f41fBSMzlqyW9z9oA8NQ2QGz2uZcdbge/cDeHUxz5Np8IV\n9gl6i0unvUzk0jalZhnNOBANrkotrQt5BLTitYiOqmUw6t9xCSdoeyTooKYbPwAn\nfGRjEipFbDpt6x75EdhoYoyfxkBV9bMH68ZpbWbTKa+5seizBoeBNQMOnJKY1Dra\nMYDbh/D0WtAL0KoRF91QU3bcQJsQIEyljSmIcS0AEIf4FQACDZKHprqLEtn5t8E5\nxIZHkv2NVq5UhuBniO1ipFkHxB2x7XcCggEAZbWlVjyQbbFawlC9fgKOYaDY9YsU\namGs/zTS8emVVSgWQtrUzv5njATAdWX5TvlWqSJj5xH2FhzC44dkecsQ4O9GkgT7\n3N23MI6PhFdZIVD47whKqj7gNdSFLJ6RnrPav8KsRs57958McDWdQQP55W90MKIV\n1EPD9xwo7BqDMu1QyRqajk+uz7phCVmsSwusYTOms3drcsqdsj43daBh4b++gZum\n/PHYr3VnkNP2zLMVtYKpbqHVF7E91G7CRxIb91miDADIqxju5Ie87xED56Rm56Dc\nPhrR32MJpBjTuch+uQtw/Rnn7zvfU1/Y0iD7hpkhZJENk7uOH7TVCwD3qg==\n-----END RSA PRIVATE KEY-----\n",
            "content_base64": null,
            "content_base64sha256": "KyZF7h1Wv64n4bRbd9Ym4fke1lLS69EdEOSukKvnXZA=",
            "content_base64sha512": "uOMNKdPIAJVem8cvYECWW/w6teZuWfvMUhh7nzYstkq5tISp4CuhPH30MnnhSe8jYLcoMtK0hMu7JCuTtFezWg==",
            "content_md5": "d95d97c0ce15fe727a3ffb490550341a",
            "content_sha1": "2d9da71f290e2b1dfbee43be5085c6858628bb5e",
            "content_sha256": "2b2645ee1d56bfae27e1b45b77d626e1f91ed652d2ebd11d10e4ae90abe75d90",
            "content_sha512": "b8e30d29d3c800955e9bc72f6040965bfc3ab5e66e59fbcc52187b9f362cb64ab9b484a9e02ba13c7df43279e149ef2360b72832d2b484cbbb242b93b457b35a",
            "directory_permission": "0777",
            "file_permission": "0600",
            "filename": "C:\\Users\\victo\\.ssh\\app_key.pem",
            "id": "2d9da71f290e2b1dfbee43be5085c6858628bb5e",
            "sensitive_content": null,
            "source": null
          },
          "sensitive_attributes": [
            [
              {
                "type": "get_attr",
                "value": "content"
              }
            ],
            [
              {
                "type": "get_attr",
                "value": "sensitive_content"
              }
            ]
          ],
          "dependencies": [
            "module.key.tls_private_key.app_key"
          ]
        }
      ]
    },
    {
      "module": "module.key",
      "mode": "managed",
      "type": "tls_private_key",
      "name": "app_key",
      "provider": "provider[\"registry.terraform.io/hashicorp/tls\"]",
      "instances": [
        {
          "schema_version": 1,
          "attributes": {
            "algorithm": "RSA",
            "ecdsa_curve": "P224",
            "id": "bdc8adb6c6353ceb89e931562705a6b5744a2e8e",
            "private_key_openssh": "-----BEGIN OPENSSH PRIVATE KEY-----\nb3BlbnNzaC1rZXktdjEAAAAABG5vbmUAAAAEbm9uZQAAAAAAAAABAAACFwAAAAdz\nc2gtcnNhAAAAAwEAAQAAAgEA2llX46998ZRNbQXUX8V38hiaNGaLIZ2Pnl/fanRf\nkvOIjxjcm31tUJdsnMR5ztRsKAWk1wZca7s3sI+AXh0r9D0ZzYIfM0B831wfnRgq\nX3eMn1YKuVg08cyQrF9zB+dhFRbicd06UNR5D6aVKgejR2fi+p/eNnV0tVifNw2U\nBl5R+SDEyqPPyKmg6jlWgDkIipRFWAVDs6+mETvDnCyzY61ZP2g6DAAG+2SGMHHy\nkYagYLVJtmINBItBiXyv/soc5QNe9FTF0Xfs35CnkzLQfUCTnaTNJIbcaI0kDqor\nIwmzwmeg0kooXbo4DljVFmhuubUpP5Ci8ppWTzNFylR6eRnJLFVhrYEQpaIDBc44\nkW+Tf0AIaY/pL9T/DK5Ac640GLMfghmbz1iSu53xSNUJnDZT5E4jAOZX+TEJ9PiW\nCW9h/8QKvvYNje81hubdy9XTgwHStvsHkCpArI54u+KVTJAeqb6ucl32hPVDb52i\nAIbLR7zAtb8P4G5sphui0uyUpmUnvifUw/2H8zhPbNjIt5F4F1khBtsXSsUdyHGl\nDqjrbVtsq31+8PVA22hGwjGMP8LVhKLtu/Rc82YE0axSaw1BNDBEFkZdvbig27kn\nJkmfsvdJrKgEjBZVZFrLFnnDyseY41O/nmW9A6dFbw+vzFRBIgY9A10eQO7xTUMu\n5o0AAAc4VrNRk1azUZMAAAAHc3NoLXJzYQAAAgEA2llX46998ZRNbQXUX8V38hia\nNGaLIZ2Pnl/fanRfkvOIjxjcm31tUJdsnMR5ztRsKAWk1wZca7s3sI+AXh0r9D0Z\nzYIfM0B831wfnRgqX3eMn1YKuVg08cyQrF9zB+dhFRbicd06UNR5D6aVKgejR2fi\n+p/eNnV0tVifNw2UBl5R+SDEyqPPyKmg6jlWgDkIipRFWAVDs6+mETvDnCyzY61Z\nP2g6DAAG+2SGMHHykYagYLVJtmINBItBiXyv/soc5QNe9FTF0Xfs35CnkzLQfUCT\nnaTNJIbcaI0kDqorIwmzwmeg0kooXbo4DljVFmhuubUpP5Ci8ppWTzNFylR6eRnJ\nLFVhrYEQpaIDBc44kW+Tf0AIaY/pL9T/DK5Ac640GLMfghmbz1iSu53xSNUJnDZT\n5E4jAOZX+TEJ9PiWCW9h/8QKvvYNje81hubdy9XTgwHStvsHkCpArI54u+KVTJAe\nqb6ucl32hPVDb52iAIbLR7zAtb8P4G5sphui0uyUpmUnvifUw/2H8zhPbNjIt5F4\nF1khBtsXSsUdyHGlDqjrbVtsq31+8PVA22hGwjGMP8LVhKLtu/Rc82YE0axSaw1B\nNDBEFkZdvbig27knJkmfsvdJrKgEjBZVZFrLFnnDyseY41O/nmW9A6dFbw+vzFRB\nIgY9A10eQO7xTUMu5o0AAAADAQABAAACAFboOrA4OHPAKHUdXeNksJIesrnqmrQd\nh31tAXrYqPXPkuoJ5jzJVoo+Sw+2sBjfudDQNkUTlhOXJ9pRs7FCAS2saCnBAfQf\nVdR9UWPwq2TmK4V79LbC4gff+TFyqFFcCesf+a+Cc2SavTi6gCKDebzBH7nLieG5\nLGPFy1FZSTKjthLntQxG2TwwMAkqG0Db8odd7p/TMJhDcGDpnbj6ncgtxhkTvg7q\nr9y9rR95Kyg7Inh7j8RVEINffg1gIJjUD14j0laDq1ztU83EQL64+fzwiBC1+KTy\nPKYsj0568sJ2aSMWpg8tTxXHOeqT9vR9Sp0F+03+nqzbO0E40i1vJHN0W+90apeL\n0vHzzzVfFavhKJV6Yjd4Q+5u3roPWgeJ71s18MAYJVJF15oLiXfq1RugYP9i74eF\npRYOdKuW1a87+4OVvOPT+wgWr/cRCv77XOTQYIQegMLLaMG7jBTe7vEBF/t2R56N\nhluQ5dcUW+0P6Xxzlktc1GGc0ifm08cndkjt6WV11itnd9/m/MbU2kx0lH+Bg4N/\np/48xarEWrMVtQ2Dscvx5GPUBfCt9U6ll5EsnR3cAIAecj84kU+8RLrDiGh4vwSg\nRkKWE1BhABhUthRN6Vrmq4GqOtyOSdOsNzk6eQ7WBz37dMBW9LTfIDt+GnYwSbG0\ndAQu24KZCh+NAAABAGW1pVY8kG2xWsJQvX4CjmGg2PWLFGphrP800vHplVUoFkLa\n1M7+Z4wEwHVl+U75VqkiY+cR9hYcwuOHZHnLEODvRpIE+9zdtzCOj4RXWSFQ+O8I\nSqo+4DXUhSyekZ6z2r/CrEbOe/efDHA1nUED+eVvdDCiFdRDw/ccKOwagzLtUMka\nmo5Prs+6YQlZrEsLrGEzprN3a3LKnbI+N3WgYeG/voGbpvzx2K91Z5DT9syzFbWC\nqW6h1RexPdRuwkcSG/dZogwAyKsY7uSHvO8RA+ekZueg3D4a0d9jCaQY07nIfrkL\ncP0Z5+8731Nf2NIg+4aZIWSRDZO7jh+01QsA96oAAAEBAP4BggWgXvEcV3h6dMEL\nPqc+13PMtH4W2dBJe6PcRbbim3F/v3DhvyCFeeZR+fkjHPBFbMDe4gTG4K04Hzpz\n6ITTByYamf/g1cbWC5Xn67jSEz0qsrMoSPR6fnDERPzRcBGEnuv2MHwBLtQzdRXS\n9L3gFh6RLHXxhjtxpIRIWpvFeawNMfY/cKEDDsaqTKXOu7esMrzXXXDadHOi3Ad6\nB4dR/mADfI+zhPbOJxBCafHSc8LzdAkURTO8jXEk8tJt+ItDFFShc7jFbpZ4Rigf\nsg0q5kmm4czRpImv3lsx5T/q+qxdH1aq6dMY4EXO9TkZhcq8DwBTTDc8skcaS8y0\nVJ8AAAEBANwQLGdE53OdxF2EWsbb22ztflfuAD2bqi+Q0sjGCWYy3jJiGSbI0dHK\nWHH/CjJht9ZRNHkq7uiCWSAchQHZA1mHVIr4/bnq7Nem15uQ/xK7Q6a6397QUY/u\nOt8QRV2izuHP8gzCZZ1API0Z/Ty7KJm8s3UTuUPwcpXKcuycglBX/SH5QTE5S/cU\nAd4sEi2veOwmM4P34Yo8izaoxQBPFxrEdMtjOEtoYYmzwUohVF0RVzXZCACwBJN6\nbk9k7Tudxp8hA29VDRT7LWs3J1d0g7mDTfgKKnRxCLk6CrZuRpc9FrY25Q+ofErG\nfUzSx2kIEstLTkrvu0S4OVVWA9KWKVMAAAAAAQID\n-----END OPENSSH PRIVATE KEY-----\n",
            "private_key_pem": "-----BEGIN RSA PRIVATE KEY-----\nMIIJJwIBAAKCAgEA2llX46998ZRNbQXUX8V38hiaNGaLIZ2Pnl/fanRfkvOIjxjc\nm31tUJdsnMR5ztRsKAWk1wZca7s3sI+AXh0r9D0ZzYIfM0B831wfnRgqX3eMn1YK\nuVg08cyQrF9zB+dhFRbicd06UNR5D6aVKgejR2fi+p/eNnV0tVifNw2UBl5R+SDE\nyqPPyKmg6jlWgDkIipRFWAVDs6+mETvDnCyzY61ZP2g6DAAG+2SGMHHykYagYLVJ\ntmINBItBiXyv/soc5QNe9FTF0Xfs35CnkzLQfUCTnaTNJIbcaI0kDqorIwmzwmeg\n0kooXbo4DljVFmhuubUpP5Ci8ppWTzNFylR6eRnJLFVhrYEQpaIDBc44kW+Tf0AI\naY/pL9T/DK5Ac640GLMfghmbz1iSu53xSNUJnDZT5E4jAOZX+TEJ9PiWCW9h/8QK\nvvYNje81hubdy9XTgwHStvsHkCpArI54u+KVTJAeqb6ucl32hPVDb52iAIbLR7zA\ntb8P4G5sphui0uyUpmUnvifUw/2H8zhPbNjIt5F4F1khBtsXSsUdyHGlDqjrbVts\nq31+8PVA22hGwjGMP8LVhKLtu/Rc82YE0axSaw1BNDBEFkZdvbig27knJkmfsvdJ\nrKgEjBZVZFrLFnnDyseY41O/nmW9A6dFbw+vzFRBIgY9A10eQO7xTUMu5o0CAwEA\nAQKCAgBW6DqwODhzwCh1HV3jZLCSHrK56pq0HYd9bQF62Kj1z5LqCeY8yVaKPksP\ntrAY37nQ0DZFE5YTlyfaUbOxQgEtrGgpwQH0H1XUfVFj8Ktk5iuFe/S2wuIH3/kx\ncqhRXAnrH/mvgnNkmr04uoAig3m8wR+5y4nhuSxjxctRWUkyo7YS57UMRtk8MDAJ\nKhtA2/KHXe6f0zCYQ3Bg6Z24+p3ILcYZE74O6q/cva0feSsoOyJ4e4/EVRCDX34N\nYCCY1A9eI9JWg6tc7VPNxEC+uPn88IgQtfik8jymLI9OevLCdmkjFqYPLU8Vxznq\nk/b0fUqdBftN/p6s2ztBONItbyRzdFvvdGqXi9Lx8881XxWr4SiVemI3eEPubt66\nD1oHie9bNfDAGCVSRdeaC4l36tUboGD/Yu+HhaUWDnSrltWvO/uDlbzj0/sIFq/3\nEQr++1zk0GCEHoDCy2jBu4wU3u7xARf7dkeejYZbkOXXFFvtD+l8c5ZLXNRhnNIn\n5tPHJ3ZI7ellddYrZ3ff5vzG1NpMdJR/gYODf6f+PMWqxFqzFbUNg7HL8eRj1AXw\nrfVOpZeRLJ0d3ACAHnI/OJFPvES6w4hoeL8EoEZClhNQYQAYVLYUTela5quBqjrc\njknTrDc5OnkO1gc9+3TAVvS03yA7fhp2MEmxtHQELtuCmQofjQKCAQEA/gGCBaBe\n8RxXeHp0wQs+pz7Xc8y0fhbZ0El7o9xFtuKbcX+/cOG/IIV55lH5+SMc8EVswN7i\nBMbgrTgfOnPohNMHJhqZ/+DVxtYLlefruNITPSqysyhI9Hp+cMRE/NFwEYSe6/Yw\nfAEu1DN1FdL0veAWHpEsdfGGO3GkhEham8V5rA0x9j9woQMOxqpMpc67t6wyvNdd\ncNp0c6LcB3oHh1H+YAN8j7OE9s4nEEJp8dJzwvN0CRRFM7yNcSTy0m34i0MUVKFz\nuMVulnhGKB+yDSrmSabhzNGkia/eWzHlP+r6rF0fVqrp0xjgRc71ORmFyrwPAFNM\nNzyyRxpLzLRUnwKCAQEA3BAsZ0Tnc53EXYRaxtvbbO1+V+4APZuqL5DSyMYJZjLe\nMmIZJsjR0cpYcf8KMmG31lE0eSru6IJZIByFAdkDWYdUivj9uers16bXm5D/ErtD\nprrf3tBRj+463xBFXaLO4c/yDMJlnUA8jRn9PLsombyzdRO5Q/Bylcpy7JyCUFf9\nIflBMTlL9xQB3iwSLa947CYzg/fhijyLNqjFAE8XGsR0y2M4S2hhibPBSiFUXRFX\nNdkIALAEk3puT2TtO53GnyEDb1UNFPstazcnV3SDuYNN+AoqdHEIuToKtm5Glz0W\ntjblD6h8SsZ9TNLHaQgSy0tOSu+7RLg5VVYD0pYpUwKCAQAwXpkj+SYbRApkJu2U\n1U9ZCd59br3wROm1gEjLK2cbLIvtUSZjmJmM194evf2cM9OO7amIEOl5f2XJlqZb\nuzbMFGOIHgi1cVtEQf5yzXdV+qsvOrJM657471qknruEaV2t+FNLG9afxpnkTug8\n/68beVC9AWg2DYhCSaHKjvyyLSi+WsTo36vS/YIS0ttFt9iHYYNH8rsYgoEqhBji\nU5qbakHGhuNxef4YAanurrb+FdV1imbOU83ZzE4i/aY/7DEoU93LP/OJfA9TGBRE\nD8UYPNMds2nMVx++GH9/XkEJqvWRXSpalrFwQYxzvrVz6ihQMv+oUDRzUFuirp9A\nnBaBAoIBACTCItihHtQmHz3LtOoQoWdhiEAhxjKERPorA7p7seg7SPg7gJ4E319e\noEVyZ36g6fdHmy8+J6f41fBSMzlqyW9z9oA8NQ2QGz2uZcdbge/cDeHUxz5Np8IV\n9gl6i0unvUzk0jalZhnNOBANrkotrQt5BLTitYiOqmUw6t9xCSdoeyTooKYbPwAn\nfGRjEipFbDpt6x75EdhoYoyfxkBV9bMH68ZpbWbTKa+5seizBoeBNQMOnJKY1Dra\nMYDbh/D0WtAL0KoRF91QU3bcQJsQIEyljSmIcS0AEIf4FQACDZKHprqLEtn5t8E5\nxIZHkv2NVq5UhuBniO1ipFkHxB2x7XcCggEAZbWlVjyQbbFawlC9fgKOYaDY9YsU\namGs/zTS8emVVSgWQtrUzv5njATAdWX5TvlWqSJj5xH2FhzC44dkecsQ4O9GkgT7\n3N23MI6PhFdZIVD47whKqj7gNdSFLJ6RnrPav8KsRs57958McDWdQQP55W90MKIV\n1EPD9xwo7BqDMu1QyRqajk+uz7phCVmsSwusYTOms3drcsqdsj43daBh4b++gZum\n/PHYr3VnkNP2zLMVtYKpbqHVF7E91G7CRxIb91miDADIqxju5Ie87xED56Rm56Dc\nPhrR32MJpBjTuch+uQtw/Rnn7zvfU1/Y0iD7hpkhZJENk7uOH7TVCwD3qg==\n-----END RSA PRIVATE KEY-----\n",
            "private_key_pem_pkcs8": "-----BEGIN PRIVATE KEY-----\nMIIJQQIBADANBgkqhkiG9w0BAQEFAASCCSswggknAgEAAoICAQDaWVfjr33xlE1t\nBdRfxXfyGJo0ZoshnY+eX99qdF+S84iPGNybfW1Ql2ycxHnO1GwoBaTXBlxruzew\nj4BeHSv0PRnNgh8zQHzfXB+dGCpfd4yfVgq5WDTxzJCsX3MH52EVFuJx3TpQ1HkP\nppUqB6NHZ+L6n942dXS1WJ83DZQGXlH5IMTKo8/IqaDqOVaAOQiKlEVYBUOzr6YR\nO8OcLLNjrVk/aDoMAAb7ZIYwcfKRhqBgtUm2Yg0Ei0GJfK/+yhzlA170VMXRd+zf\nkKeTMtB9QJOdpM0khtxojSQOqisjCbPCZ6DSSihdujgOWNUWaG65tSk/kKLymlZP\nM0XKVHp5GcksVWGtgRClogMFzjiRb5N/QAhpj+kv1P8MrkBzrjQYsx+CGZvPWJK7\nnfFI1QmcNlPkTiMA5lf5MQn0+JYJb2H/xAq+9g2N7zWG5t3L1dODAdK2+weQKkCs\njni74pVMkB6pvq5yXfaE9UNvnaIAhstHvMC1vw/gbmymG6LS7JSmZSe+J9TD/Yfz\nOE9s2Mi3kXgXWSEG2xdKxR3IcaUOqOttW2yrfX7w9UDbaEbCMYw/wtWEou279Fzz\nZgTRrFJrDUE0MEQWRl29uKDbuScmSZ+y90msqASMFlVkWssWecPKx5jjU7+eZb0D\np0VvD6/MVEEiBj0DXR5A7vFNQy7mjQIDAQABAoICAFboOrA4OHPAKHUdXeNksJIe\nsrnqmrQdh31tAXrYqPXPkuoJ5jzJVoo+Sw+2sBjfudDQNkUTlhOXJ9pRs7FCAS2s\naCnBAfQfVdR9UWPwq2TmK4V79LbC4gff+TFyqFFcCesf+a+Cc2SavTi6gCKDebzB\nH7nLieG5LGPFy1FZSTKjthLntQxG2TwwMAkqG0Db8odd7p/TMJhDcGDpnbj6ncgt\nxhkTvg7qr9y9rR95Kyg7Inh7j8RVEINffg1gIJjUD14j0laDq1ztU83EQL64+fzw\niBC1+KTyPKYsj0568sJ2aSMWpg8tTxXHOeqT9vR9Sp0F+03+nqzbO0E40i1vJHN0\nW+90apeL0vHzzzVfFavhKJV6Yjd4Q+5u3roPWgeJ71s18MAYJVJF15oLiXfq1Rug\nYP9i74eFpRYOdKuW1a87+4OVvOPT+wgWr/cRCv77XOTQYIQegMLLaMG7jBTe7vEB\nF/t2R56NhluQ5dcUW+0P6Xxzlktc1GGc0ifm08cndkjt6WV11itnd9/m/MbU2kx0\nlH+Bg4N/p/48xarEWrMVtQ2Dscvx5GPUBfCt9U6ll5EsnR3cAIAecj84kU+8RLrD\niGh4vwSgRkKWE1BhABhUthRN6Vrmq4GqOtyOSdOsNzk6eQ7WBz37dMBW9LTfIDt+\nGnYwSbG0dAQu24KZCh+NAoIBAQD+AYIFoF7xHFd4enTBCz6nPtdzzLR+FtnQSXuj\n3EW24ptxf79w4b8ghXnmUfn5IxzwRWzA3uIExuCtOB86c+iE0wcmGpn/4NXG1guV\n5+u40hM9KrKzKEj0en5wxET80XARhJ7r9jB8AS7UM3UV0vS94BYekSx18YY7caSE\nSFqbxXmsDTH2P3ChAw7Gqkylzru3rDK8111w2nRzotwHegeHUf5gA3yPs4T2zicQ\nQmnx0nPC83QJFEUzvI1xJPLSbfiLQxRUoXO4xW6WeEYoH7INKuZJpuHM0aSJr95b\nMeU/6vqsXR9WqunTGOBFzvU5GYXKvA8AU0w3PLJHGkvMtFSfAoIBAQDcECxnROdz\nncRdhFrG29ts7X5X7gA9m6ovkNLIxglmMt4yYhkmyNHRylhx/woyYbfWUTR5Ku7o\nglkgHIUB2QNZh1SK+P256uzXptebkP8Su0Omut/e0FGP7jrfEEVdos7hz/IMwmWd\nQDyNGf08uyiZvLN1E7lD8HKVynLsnIJQV/0h+UExOUv3FAHeLBItr3jsJjOD9+GK\nPIs2qMUATxcaxHTLYzhLaGGJs8FKIVRdEVc12QgAsASTem5PZO07ncafIQNvVQ0U\n+y1rNydXdIO5g034Cip0cQi5Ogq2bkaXPRa2NuUPqHxKxn1M0sdpCBLLS05K77tE\nuDlVVgPSlilTAoIBADBemSP5JhtECmQm7ZTVT1kJ3n1uvfBE6bWASMsrZxssi+1R\nJmOYmYzX3h69/Zwz047tqYgQ6Xl/ZcmWplu7NswUY4geCLVxW0RB/nLNd1X6qy86\nskzrnvjvWqSeu4RpXa34U0sb1p/GmeRO6Dz/rxt5UL0BaDYNiEJJocqO/LItKL5a\nxOjfq9L9ghLS20W32Idhg0fyuxiCgSqEGOJTmptqQcaG43F5/hgBqe6utv4V1XWK\nZs5TzdnMTiL9pj/sMShT3cs/84l8D1MYFEQPxRg80x2zacxXH74Yf39eQQmq9ZFd\nKlqWsXBBjHO+tXPqKFAy/6hQNHNQW6Kun0CcFoECggEAJMIi2KEe1CYfPcu06hCh\nZ2GIQCHGMoRE+isDunux6DtI+DuAngTfX16gRXJnfqDp90ebLz4np/jV8FIzOWrJ\nb3P2gDw1DZAbPa5lx1uB79wN4dTHPk2nwhX2CXqLS6e9TOTSNqVmGc04EA2uSi2t\nC3kEtOK1iI6qZTDq33EJJ2h7JOigphs/ACd8ZGMSKkVsOm3rHvkR2GhijJ/GQFX1\nswfrxmltZtMpr7mx6LMGh4E1Aw6ckpjUOtoxgNuH8PRa0AvQqhEX3VBTdtxAmxAg\nTKWNKYhxLQAQh/gVAAINkoemuosS2fm3wTnEhkeS/Y1WrlSG4GeI7WKkWQfEHbHt\ndwKCAQBltaVWPJBtsVrCUL1+Ao5hoNj1ixRqYaz/NNLx6ZVVKBZC2tTO/meMBMB1\nZflO+VapImPnEfYWHMLjh2R5yxDg70aSBPvc3bcwjo+EV1khUPjvCEqqPuA11IUs\nnpGes9q/wqxGznv3nwxwNZ1BA/nlb3QwohXUQ8P3HCjsGoMy7VDJGpqOT67PumEJ\nWaxLC6xhM6azd2tyyp2yPjd1oGHhv76Bm6b88divdWeQ0/bMsxW1gqluodUXsT3U\nbsJHEhv3WaIMAMirGO7kh7zvEQPnpGbnoNw+GtHfYwmkGNO5yH65C3D9GefvO99T\nX9jSIPuGmSFkkQ2Tu44ftNULAPeq\n-----END PRIVATE KEY-----\n",
            "public_key_fingerprint_md5": "1f:a9:7e:89:bb:35:a5:fb:b6:d5:2a:24:9a:74:26:36",
            "public_key_fingerprint_sha256": "SHA256:eNi2vE2ISCeer7eFb31bTpLbID2y+6tzhR4ghLCh3Qs",
            "public_key_openssh": "ssh-rsa AAAAB3NzaC1yc2EAAAADAQABAAACAQDaWVfjr33xlE1tBdRfxXfyGJo0ZoshnY+eX99qdF+S84iPGNybfW1Ql2ycxHnO1GwoBaTXBlxruzewj4BeHSv0PRnNgh8zQHzfXB+dGCpfd4yfVgq5WDTxzJCsX3MH52EVFuJx3TpQ1HkPppUqB6NHZ+L6n942dXS1WJ83DZQGXlH5IMTKo8/IqaDqOVaAOQiKlEVYBUOzr6YRO8OcLLNjrVk/aDoMAAb7ZIYwcfKRhqBgtUm2Yg0Ei0GJfK/+yhzlA170VMXRd+zfkKeTMtB9QJOdpM0khtxojSQOqisjCbPCZ6DSSihdujgOWNUWaG65tSk/kKLymlZPM0XKVHp5GcksVWGtgRClogMFzjiRb5N/QAhpj+kv1P8MrkBzrjQYsx+CGZvPWJK7nfFI1QmcNlPkTiMA5lf5MQn0+JYJb2H/xAq+9g2N7zWG5t3L1dODAdK2+weQKkCsjni74pVMkB6pvq5yXfaE9UNvnaIAhstHvMC1vw/gbmymG6LS7JSmZSe+J9TD/YfzOE9s2Mi3kXgXWSEG2xdKxR3IcaUOqOttW2yrfX7w9UDbaEbCMYw/wtWEou279FzzZgTRrFJrDUE0MEQWRl29uKDbuScmSZ+y90msqASMFlVkWssWecPKx5jjU7+eZb0Dp0VvD6/MVEEiBj0DXR5A7vFNQy7mjQ==\n",
            "public_key_pem": "-----BEGIN PUBLIC KEY-----\nMIICIjANBgkqhkiG9w0BAQEFAAOCAg8AMIICCgKCAgEA2llX46998ZRNbQXUX8V3\n8hiaNGaLIZ2Pnl/fanRfkvOIjxjcm31tUJdsnMR5ztRsKAWk1wZca7s3sI+AXh0r\n9D0ZzYIfM0B831wfnRgqX3eMn1YKuVg08cyQrF9zB+dhFRbicd06UNR5D6aVKgej\nR2fi+p/eNnV0tVifNw2UBl5R+SDEyqPPyKmg6jlWgDkIipRFWAVDs6+mETvDnCyz\nY61ZP2g6DAAG+2SGMHHykYagYLVJtmINBItBiXyv/soc5QNe9FTF0Xfs35CnkzLQ\nfUCTnaTNJIbcaI0kDqorIwmzwmeg0kooXbo4DljVFmhuubUpP5Ci8ppWTzNFylR6\neRnJLFVhrYEQpaIDBc44kW+Tf0AIaY/pL9T/DK5Ac640GLMfghmbz1iSu53xSNUJ\nnDZT5E4jAOZX+TEJ9PiWCW9h/8QKvvYNje81hubdy9XTgwHStvsHkCpArI54u+KV\nTJAeqb6ucl32hPVDb52iAIbLR7zAtb8P4G5sphui0uyUpmUnvifUw/2H8zhPbNjI\nt5F4F1khBtsXSsUdyHGlDqjrbVtsq31+8PVA22hGwjGMP8LVhKLtu/Rc82YE0axS\naw1BNDBEFkZdvbig27knJkmfsvdJrKgEjBZVZFrLFnnDyseY41O/nmW9A6dFbw+v\nzFRBIgY9A10eQO7xTUMu5o0CAwEAAQ==\n-----END PUBLIC KEY-----\n",
            "rsa_bits": 4096
          },
          "sensitive_attributes": [
            [
              {
                "type": "get_attr",
                "value": "private_key_pem_pkcs8"
              }
            ],
            [
              {
                "type": "get_attr",
                "value": "private_key_pem"
              }
            ],
            [
              {
                "type": "get_attr",
                "value": "private_key_openssh"
              }
            ]
          ]
        }
      ]
    },
    {
      "module": "module.rds",
      "mode": "managed",
      "type": "aws_db_instance",
      "name": "vcm",
      "provider": "provider[\"registry.terraform.io/hashicorp/aws\"]",
      "instances": [
        {
          "schema_version": 2,
          "attributes": {
            "address": "vcm.c3kkm2iwaeig.ap-northeast-2.rds.amazonaws.com",
            "allocated_storage": 20,
            "allow_major_version_upgrade": null,
            "apply_immediately": true,
            "arn": "arn:aws:rds:ap-northeast-2:390403881443:db:vcm",
            "auto_minor_version_upgrade": true,
            "availability_zone": "ap-northeast-2a",
            "backup_retention_period": 7,
            "backup_target": "region",
            "backup_window": "15:29-15:59",
            "blue_green_update": [],
            "ca_cert_identifier": "rds-ca-rsa2048-g1",
            "character_set_name": "",
            "copy_tags_to_snapshot": false,
            "custom_iam_instance_profile": "",
            "customer_owned_ip_enabled": false,
            "database_insights_mode": "standard",
            "db_name": "",
            "db_subnet_group_name": "rds-subnet-group",
            "dedicated_log_volume": false,
            "delete_automated_backups": true,
            "deletion_protection": false,
            "domain": "",
            "domain_auth_secret_arn": "",
            "domain_dns_ips": null,
            "domain_fqdn": "",
            "domain_iam_role_name": "",
            "domain_ou": "",
            "enabled_cloudwatch_logs_exports": null,
            "endpoint": "vcm.c3kkm2iwaeig.ap-northeast-2.rds.amazonaws.com:3306",
            "engine": "mariadb",
            "engine_lifecycle_support": "",
            "engine_version": "11.4.5",
            "engine_version_actual": "11.4.5",
            "final_snapshot_identifier": null,
            "hosted_zone_id": "ZLA2NUCOLGUUR",
            "iam_database_authentication_enabled": false,
            "id": "db-UNS5IUOWBGXUIP5RHIEZIX7AHM",
            "identifier": "vcm",
            "identifier_prefix": "",
            "instance_class": "db.t3.micro",
            "iops": 0,
            "kms_key_id": "",
            "latest_restorable_time": "2025-12-02T04:51:41Z",
            "license_model": "general-public-license",
            "listener_endpoint": [],
            "maintenance_window": "sat:14:13-sat:14:43",
            "manage_master_user_password": null,
            "master_user_secret": [],
            "master_user_secret_kms_key_id": null,
            "max_allocated_storage": 0,
            "monitoring_interval": 0,
            "monitoring_role_arn": "",
            "multi_az": false,
            "nchar_character_set_name": "",
            "network_type": "IPV4",
            "option_group_name": "default:mariadb-11-4",
            "parameter_group_name": "default.mariadb11.4",
            "password": "admin1234!",
            "password_wo": null,
            "password_wo_version": null,
            "performance_insights_enabled": false,
            "performance_insights_kms_key_id": "",
            "performance_insights_retention_period": 0,
            "port": 3306,
            "publicly_accessible": true,
            "region": "ap-northeast-2",
            "replica_mode": "",
            "replicas": [],
            "replicate_source_db": "",
            "resource_id": "db-UNS5IUOWBGXUIP5RHIEZIX7AHM",
            "restore_to_point_in_time": [],
            "s3_import": [],
            "skip_final_snapshot": true,
            "snapshot_identifier": "vcmrealfinal",
            "status": "available",
            "storage_encrypted": false,
            "storage_throughput": 0,
            "storage_type": "gp2",
            "tags": {
              "Environment": "prod",
              "Name": "RDS-MariaDB-primary"
            },
            "tags_all": {
              "Environment": "prod",
              "Name": "RDS-MariaDB-primary"
            },
            "timeouts": null,
            "timezone": "",
            "upgrade_storage_config": null,
            "username": "admin",
            "vpc_security_group_ids": [
              "sg-0d4049c69094d327a"
            ]
          },
          "sensitive_attributes": [
            [
              {
                "type": "get_attr",
                "value": "password_wo"
              }
            ],
            [
              {
                "type": "get_attr",
                "value": "password"
              }
            ]
          ],
          "private": "eyJlMmJmYjczMC1lY2FhLTExZTYtOGY4OC0zNDM2M2JjN2M0YzAiOnsiY3JlYXRlIjozMDAwMDAwMDAwMDAwLCJkZWxldGUiOjM2MDAwMDAwMDAwMDAsInVwZGF0ZSI6NDgwMDAwMDAwMDAwMH0sInNjaGVtYV92ZXJzaW9uIjoiMiJ9",
          "dependencies": [
            "module.rds.aws_db_subnet_group.rds_subnet_group",
            "module.sg.aws_security_group.rds_sg",
            "module.subnet.aws_subnet.db_subnet_ids",
            "module.vpc.aws_vpc.cloud4"
          ]
        }
      ]
    },
    {
      "module": "module.rds",
      "mode": "managed",
      "type": "aws_db_subnet_group",
      "name": "rds_subnet_group",
      "provider": "provider[\"registry.terraform.io/hashicorp/aws\"]",
      "instances": [
        {
          "schema_version": 0,
          "attributes": {
            "arn": "arn:aws:rds:ap-northeast-2:390403881443:subgrp:rds-subnet-group",
            "description": "Managed by Terraform",
            "id": "rds-subnet-group",
            "name": "rds-subnet-group",
            "name_prefix": "",
            "region": "ap-northeast-2",
            "subnet_ids": [
              "subnet-091e6a4a7eefc38c7",
              "subnet-0ea8a349770adae90"
            ],
            "supported_network_types": [
              "IPV4"
            ],
            "tags": {
              "Name": "RDS subnet group"
            },
            "tags_all": {
              "Name": "RDS subnet group"
            },
            "vpc_id": "vpc-0748494bfb8aedfd0"
          },
          "sensitive_attributes": [],
          "private": "bnVsbA==",
          "dependencies": [
            "module.subnet.aws_subnet.db_subnet_ids",
            "module.vpc.aws_vpc.cloud4"
          ]
        }
      ]
    },
    {
      "module": "module.route",
      "mode": "managed",
      "type": "aws_route_table",
      "name": "private_rt",
      "provider": "provider[\"registry.terraform.io/hashicorp/aws\"]",
      "instances": [
        {
          "schema_version": 0,
          "attributes": {
            "arn": "arn:aws:ec2:ap-northeast-2:390403881443:route-table/rtb-0648ca33b529c5dc0",
            "id": "rtb-0648ca33b529c5dc0",
            "owner_id": "390403881443",
            "propagating_vgws": [],
            "region": "ap-northeast-2",
            "route": [],
            "tags": {
              "Name": "private-rt"
            },
            "tags_all": {
              "Name": "private-rt"
            },
            "timeouts": null,
            "vpc_id": "vpc-0748494bfb8aedfd0"
          },
          "sensitive_attributes": [],
          "private": "eyJlMmJmYjczMC1lY2FhLTExZTYtOGY4OC0zNDM2M2JjN2M0YzAiOnsiY3JlYXRlIjozMDAwMDAwMDAwMDAsImRlbGV0ZSI6MzAwMDAwMDAwMDAwLCJ1cGRhdGUiOjEyMDAwMDAwMDAwMH19",
          "dependencies": [
            "module.vpc.aws_vpc.cloud4"
          ]
        }
      ]
    },
    {
      "module": "module.route",
      "mode": "managed",
      "type": "aws_route_table",
      "name": "public_rt",
      "provider": "provider[\"registry.terraform.io/hashicorp/aws\"]",
      "instances": [
        {
          "schema_version": 0,
          "attributes": {
            "arn": "arn:aws:ec2:ap-northeast-2:390403881443:route-table/rtb-095ecfe4b5259e466",
            "id": "rtb-095ecfe4b5259e466",
            "owner_id": "390403881443",
            "propagating_vgws": [],
            "region": "ap-northeast-2",
            "route": [
              {
                "carrier_gateway_id": "",
                "cidr_block": "0.0.0.0/0",
                "core_network_arn": "",
                "destination_prefix_list_id": "",
                "egress_only_gateway_id": "",
                "gateway_id": "igw-06c877f60e3b1f64f",
                "ipv6_cidr_block": "",
                "local_gateway_id": "",
                "nat_gateway_id": "",
                "network_interface_id": "",
                "transit_gateway_id": "",
                "vpc_endpoint_id": "",
                "vpc_peering_connection_id": ""
              }
            ],
            "tags": {
              "Name": "public-rt"
            },
            "tags_all": {
              "Name": "public-rt"
            },
            "timeouts": null,
            "vpc_id": "vpc-0748494bfb8aedfd0"
          },
          "sensitive_attributes": [],
          "private": "eyJlMmJmYjczMC1lY2FhLTExZTYtOGY4OC0zNDM2M2JjN2M0YzAiOnsiY3JlYXRlIjozMDAwMDAwMDAwMDAsImRlbGV0ZSI6MzAwMDAwMDAwMDAwLCJ1cGRhdGUiOjEyMDAwMDAwMDAwMH19",
          "dependencies": [
            "module.igw.aws_internet_gateway.igw",
            "module.vpc.aws_vpc.cloud4"
          ]
        }
      ]
    },
    {
      "module": "module.route",
      "mode": "managed",
      "type": "aws_route_table_association",
      "name": "public_assoc",
      "provider": "provider[\"registry.terraform.io/hashicorp/aws\"]",
      "instances": [
        {
          "index_key": "public-subnet-a",
          "schema_version": 0,
          "attributes": {
            "gateway_id": "",
            "id": "rtbassoc-0a64fd13504eff13e",
            "region": "ap-northeast-2",
            "route_table_id": "rtb-095ecfe4b5259e466",
            "subnet_id": "subnet-0e6097fb0c6c9e5cb",
            "timeouts": null
          },
          "sensitive_attributes": [],
          "private": "eyJlMmJmYjczMC1lY2FhLTExZTYtOGY4OC0zNDM2M2JjN2M0YzAiOnsiY3JlYXRlIjozMDAwMDAwMDAwMDAsImRlbGV0ZSI6MzAwMDAwMDAwMDAwLCJ1cGRhdGUiOjEyMDAwMDAwMDAwMH19",
          "dependencies": [
            "module.igw.aws_internet_gateway.igw",
            "module.route.aws_route_table.public_rt",
            "module.subnet.aws_subnet.public_subnet_ids",
            "module.vpc.aws_vpc.cloud4"
          ]
        },
        {
          "index_key": "public-subnet-c",
          "schema_version": 0,
          "attributes": {
            "gateway_id": "",
            "id": "rtbassoc-043414aa14c2634bb",
            "region": "ap-northeast-2",
            "route_table_id": "rtb-095ecfe4b5259e466",
            "subnet_id": "subnet-06d80ba37b63b07eb",
            "timeouts": null
          },
          "sensitive_attributes": [],
          "private": "eyJlMmJmYjczMC1lY2FhLTExZTYtOGY4OC0zNDM2M2JjN2M0YzAiOnsiY3JlYXRlIjozMDAwMDAwMDAwMDAsImRlbGV0ZSI6MzAwMDAwMDAwMDAwLCJ1cGRhdGUiOjEyMDAwMDAwMDAwMH19",
          "dependencies": [
            "module.igw.aws_internet_gateway.igw",
            "module.route.aws_route_table.public_rt",
            "module.subnet.aws_subnet.public_subnet_ids",
            "module.vpc.aws_vpc.cloud4"
          ]
        }
      ]
    },
    {
      "module": "module.sg",
      "mode": "managed",
      "type": "aws_security_group",
      "name": "ec2_sg",
      "provider": "provider[\"registry.terraform.io/hashicorp/aws\"]",
      "instances": [
        {
          "schema_version": 1,
          "attributes": {
            "arn": "arn:aws:ec2:ap-northeast-2:390403881443:security-group/sg-0105ca2d43bce06a3",
            "description": "Security group for EC2 SSH \u0026 HTTP",
            "egress": [
              {
                "cidr_blocks": [
                  "0.0.0.0/0"
                ],
                "description": "",
                "from_port": 0,
                "ipv6_cidr_blocks": [],
                "prefix_list_ids": [],
                "protocol": "-1",
                "security_groups": [],
                "self": false,
                "to_port": 0
              }
            ],
            "id": "sg-0105ca2d43bce06a3",
            "ingress": [
              {
                "cidr_blocks": [
                  "0.0.0.0/0"
                ],
                "description": "Allow HTTP",
                "from_port": 80,
                "ipv6_cidr_blocks": [],
                "prefix_list_ids": [],
                "protocol": "tcp",
                "security_groups": [],
                "self": false,
                "to_port": 80
              },
              {
                "cidr_blocks": [
                  "0.0.0.0/0"
                ],
                "description": "Allow SSH",
                "from_port": 22,
                "ipv6_cidr_blocks": [],
                "prefix_list_ids": [],
                "protocol": "tcp",
                "security_groups": [],
                "self": false,
                "to_port": 22
              }
            ],
            "name": "ec2-sg",
            "name_prefix": "",
            "owner_id": "390403881443",
            "region": "ap-northeast-2",
            "revoke_rules_on_delete": false,
            "tags": {
              "Name": "ec2-sg"
            },
            "tags_all": {
              "Name": "ec2-sg"
            },
            "timeouts": null,
            "vpc_id": "vpc-0748494bfb8aedfd0"
          },
          "sensitive_attributes": [],
          "private": "eyJlMmJmYjczMC1lY2FhLTExZTYtOGY4OC0zNDM2M2JjN2M0YzAiOnsiY3JlYXRlIjo2MDAwMDAwMDAwMDAsImRlbGV0ZSI6OTAwMDAwMDAwMDAwfSwic2NoZW1hX3ZlcnNpb24iOiIxIn0=",
          "dependencies": [
            "module.vpc.aws_vpc.cloud4"
          ]
        }
      ]
    },
    {
      "module": "module.sg",
      "mode": "managed",
      "type": "aws_security_group",
      "name": "rds_sg",
      "provider": "provider[\"registry.terraform.io/hashicorp/aws\"]",
      "instances": [
        {
          "schema_version": 1,
          "attributes": {
            "arn": "arn:aws:ec2:ap-northeast-2:390403881443:security-group/sg-0d4049c69094d327a",
            "description": "Managed by Terraform",
            "egress": [
              {
                "cidr_blocks": [
                  "0.0.0.0/0"
                ],
                "description": "",
                "from_port": 0,
                "ipv6_cidr_blocks": [],
                "prefix_list_ids": [],
                "protocol": "-1",
                "security_groups": [],
                "self": false,
                "to_port": 0
              }
            ],
            "id": "sg-0d4049c69094d327a",
            "ingress": [
              {
                "cidr_blocks": [
                  "0.0.0.0/0"
                ],
                "description": "Allow MySQL",
                "from_port": 3306,
                "ipv6_cidr_blocks": [],
                "prefix_list_ids": [],
                "protocol": "tcp",
                "security_groups": [],
                "self": false,
                "to_port": 3306
              }
            ],
            "name": "rds-sg",
            "name_prefix": "",
            "owner_id": "390403881443",
            "region": "ap-northeast-2",
            "revoke_rules_on_delete": false,
            "tags": {
              "Name": "rds-sg"
            },
            "tags_all": {
              "Name": "rds-sg"
            },
            "timeouts": null,
            "vpc_id": "vpc-0748494bfb8aedfd0"
          },
          "sensitive_attributes": [],
          "private": "eyJlMmJmYjczMC1lY2FhLTExZTYtOGY4OC0zNDM2M2JjN2M0YzAiOnsiY3JlYXRlIjo2MDAwMDAwMDAwMDAsImRlbGV0ZSI6OTAwMDAwMDAwMDAwfSwic2NoZW1hX3ZlcnNpb24iOiIxIn0=",
          "dependencies": [
            "module.vpc.aws_vpc.cloud4"
          ]
        }
      ]
    },
    {
      "module": "module.sns",
      "mode": "managed",
      "type": "aws_sns_topic",
      "name": "alerts",
      "provider": "provider[\"registry.terraform.io/hashicorp/aws\"]",
      "instances": [
        {
          "schema_version": 0,
          "attributes": {
            "application_failure_feedback_role_arn": "",
            "application_success_feedback_role_arn": "",
            "application_success_feedback_sample_rate": 0,
            "archive_policy": "",
            "arn": "arn:aws:sns:ap-northeast-2:390403881443:offsets-carbon-alerts",
            "beginning_archive_time": "",
            "content_based_deduplication": false,
            "delivery_policy": "",
            "display_name": "",
            "fifo_throughput_scope": "",
            "fifo_topic": false,
            "firehose_failure_feedback_role_arn": "",
            "firehose_success_feedback_role_arn": "",
            "firehose_success_feedback_sample_rate": 0,
            "http_failure_feedback_role_arn": "",
            "http_success_feedback_role_arn": "",
            "http_success_feedback_sample_rate": 0,
            "id": "arn:aws:sns:ap-northeast-2:390403881443:offsets-carbon-alerts",
            "kms_master_key_id": "",
            "lambda_failure_feedback_role_arn": "",
            "lambda_success_feedback_role_arn": "",
            "lambda_success_feedback_sample_rate": 0,
            "name": "offsets-carbon-alerts",
            "name_prefix": "",
            "owner": "390403881443",
            "policy": "{\"Id\":\"__default_policy_ID\",\"Statement\":[{\"Action\":[\"SNS:GetTopicAttributes\",\"SNS:SetTopicAttributes\",\"SNS:AddPermission\",\"SNS:RemovePermission\",\"SNS:DeleteTopic\",\"SNS:Subscribe\",\"SNS:ListSubscriptionsByTopic\",\"SNS:Publish\"],\"Condition\":{\"StringEquals\":{\"AWS:SourceOwner\":\"390403881443\"}},\"Effect\":\"Allow\",\"Principal\":{\"AWS\":\"*\"},\"Resource\":\"arn:aws:sns:ap-northeast-2:390403881443:offsets-carbon-alerts\",\"Sid\":\"__default_statement_ID\"}],\"Version\":\"2008-10-17\"}",
            "region": "ap-northeast-2",
            "signature_version": 0,
            "sqs_failure_feedback_role_arn": "",
            "sqs_success_feedback_role_arn": "",
            "sqs_success_feedback_sample_rate": 0,
            "tags": null,
            "tags_all": {},
            "tracing_config": ""
          },
          "sensitive_attributes": [],
          "private": "bnVsbA=="
        }
      ]
    },
    {
      "module": "module.sns",
      "mode": "managed",
      "type": "aws_sns_topic_subscription",
      "name": "alerts_email",
      "provider": "provider[\"registry.terraform.io/hashicorp/aws\"]",
      "instances": [
        {
          "schema_version": 0,
          "attributes": {
            "arn": "arn:aws:sns:ap-northeast-2:390403881443:offsets-carbon-alerts:2abc7664-076a-4f28-b85c-dbe99b94c157",
            "confirmation_timeout_in_minutes": 1,
            "confirmation_was_authenticated": false,
            "delivery_policy": "",
            "endpoint": "victor1919@naver.com",
            "endpoint_auto_confirms": false,
            "filter_policy": "",
            "filter_policy_scope": "",
            "id": "arn:aws:sns:ap-northeast-2:390403881443:offsets-carbon-alerts:2abc7664-076a-4f28-b85c-dbe99b94c157",
            "owner_id": "390403881443",
            "pending_confirmation": true,
            "protocol": "email",
            "raw_message_delivery": false,
            "redrive_policy": "",
            "region": "ap-northeast-2",
            "replay_policy": "",
            "subscription_role_arn": "",
            "topic_arn": "arn:aws:sns:ap-northeast-2:390403881443:offsets-carbon-alerts"
          },
          "sensitive_attributes": [],
          "private": "bnVsbA==",
          "dependencies": [
            "module.sns.aws_sns_topic.alerts"
          ]
        }
      ]
    },
    {
      "module": "module.subnet",
      "mode": "managed",
      "type": "aws_subnet",
      "name": "db_subnet_ids",
      "provider": "provider[\"registry.terraform.io/hashicorp/aws\"]",
      "instances": [
        {
          "index_key": "db-subnet-a",
          "schema_version": 1,
          "attributes": {
            "arn": "arn:aws:ec2:ap-northeast-2:390403881443:subnet/subnet-0ea8a349770adae90",
            "assign_ipv6_address_on_creation": false,
            "availability_zone": "ap-northeast-2a",
            "availability_zone_id": "apne2-az1",
            "cidr_block": "192.168.108.128/26",
            "customer_owned_ipv4_pool": "",
            "enable_dns64": false,
            "enable_lni_at_device_index": 0,
            "enable_resource_name_dns_a_record_on_launch": false,
            "enable_resource_name_dns_aaaa_record_on_launch": false,
            "id": "subnet-0ea8a349770adae90",
            "ipv6_cidr_block": "",
            "ipv6_cidr_block_association_id": "",
            "ipv6_native": false,
            "map_customer_owned_ip_on_launch": false,
            "map_public_ip_on_launch": false,
            "outpost_arn": "",
            "owner_id": "390403881443",
            "private_dns_hostname_type_on_launch": "ip-name",
            "region": "ap-northeast-2",
            "tags": {
              "Name": "db-subnet-a"
            },
            "tags_all": {
              "Name": "db-subnet-a"
            },
            "timeouts": null,
            "vpc_id": "vpc-0748494bfb8aedfd0"
          },
          "sensitive_attributes": [],
          "private": "eyJlMmJmYjczMC1lY2FhLTExZTYtOGY4OC0zNDM2M2JjN2M0YzAiOnsiY3JlYXRlIjo2MDAwMDAwMDAwMDAsImRlbGV0ZSI6MTIwMDAwMDAwMDAwMH0sInNjaGVtYV92ZXJzaW9uIjoiMSJ9",
          "dependencies": [
            "module.vpc.aws_vpc.cloud4"
          ]
        },
        {
          "index_key": "db-subnet-c",
          "schema_version": 1,
          "attributes": {
            "arn": "arn:aws:ec2:ap-northeast-2:390403881443:subnet/subnet-091e6a4a7eefc38c7",
            "assign_ipv6_address_on_creation": false,
            "availability_zone": "ap-northeast-2c",
            "availability_zone_id": "apne2-az3",
            "cidr_block": "192.168.108.192/26",
            "customer_owned_ipv4_pool": "",
            "enable_dns64": false,
            "enable_lni_at_device_index": 0,
            "enable_resource_name_dns_a_record_on_launch": false,
            "enable_resource_name_dns_aaaa_record_on_launch": false,
            "id": "subnet-091e6a4a7eefc38c7",
            "ipv6_cidr_block": "",
            "ipv6_cidr_block_association_id": "",
            "ipv6_native": false,
            "map_customer_owned_ip_on_launch": false,
            "map_public_ip_on_launch": false,
            "outpost_arn": "",
            "owner_id": "390403881443",
            "private_dns_hostname_type_on_launch": "ip-name",
            "region": "ap-northeast-2",
            "tags": {
              "Name": "db-subnet-c"
            },
            "tags_all": {
              "Name": "db-subnet-c"
            },
            "timeouts": null,
            "vpc_id": "vpc-0748494bfb8aedfd0"
          },
          "sensitive_attributes": [],
          "private": "eyJlMmJmYjczMC1lY2FhLTExZTYtOGY4OC0zNDM2M2JjN2M0YzAiOnsiY3JlYXRlIjo2MDAwMDAwMDAwMDAsImRlbGV0ZSI6MTIwMDAwMDAwMDAwMH0sInNjaGVtYV92ZXJzaW9uIjoiMSJ9",
          "dependencies": [
            "module.vpc.aws_vpc.cloud4"
          ]
        }
      ]
    },
    {
      "module": "module.subnet",
      "mode": "managed",
      "type": "aws_subnet",
      "name": "public_subnet_ids",
      "provider": "provider[\"registry.terraform.io/hashicorp/aws\"]",
      "instances": [
        {
          "index_key": "public-subnet-a",
          "schema_version": 1,
          "attributes": {
            "arn": "arn:aws:ec2:ap-northeast-2:390403881443:subnet/subnet-0e6097fb0c6c9e5cb",
            "assign_ipv6_address_on_creation": false,
            "availability_zone": "ap-northeast-2a",
            "availability_zone_id": "apne2-az1",
            "cidr_block": "192.168.108.0/26",
            "customer_owned_ipv4_pool": "",
            "enable_dns64": false,
            "enable_lni_at_device_index": 0,
            "enable_resource_name_dns_a_record_on_launch": false,
            "enable_resource_name_dns_aaaa_record_on_launch": false,
            "id": "subnet-0e6097fb0c6c9e5cb",
            "ipv6_cidr_block": "",
            "ipv6_cidr_block_association_id": "",
            "ipv6_native": false,
            "map_customer_owned_ip_on_launch": false,
            "map_public_ip_on_launch": true,
            "outpost_arn": "",
            "owner_id": "390403881443",
            "private_dns_hostname_type_on_launch": "ip-name",
            "region": "ap-northeast-2",
            "tags": {
              "Name": "public-subnet-a"
            },
            "tags_all": {
              "Name": "public-subnet-a"
            },
            "timeouts": null,
            "vpc_id": "vpc-0748494bfb8aedfd0"
          },
          "sensitive_attributes": [],
          "private": "eyJlMmJmYjczMC1lY2FhLTExZTYtOGY4OC0zNDM2M2JjN2M0YzAiOnsiY3JlYXRlIjo2MDAwMDAwMDAwMDAsImRlbGV0ZSI6MTIwMDAwMDAwMDAwMH0sInNjaGVtYV92ZXJzaW9uIjoiMSJ9",
          "dependencies": [
            "module.vpc.aws_vpc.cloud4"
          ]
        },
        {
          "index_key": "public-subnet-c",
          "schema_version": 1,
          "attributes": {
            "arn": "arn:aws:ec2:ap-northeast-2:390403881443:subnet/subnet-06d80ba37b63b07eb",
            "assign_ipv6_address_on_creation": false,
            "availability_zone": "ap-northeast-2c",
            "availability_zone_id": "apne2-az3",
            "cidr_block": "192.168.108.64/26",
            "customer_owned_ipv4_pool": "",
            "enable_dns64": false,
            "enable_lni_at_device_index": 0,
            "enable_resource_name_dns_a_record_on_launch": false,
            "enable_resource_name_dns_aaaa_record_on_launch": false,
            "id": "subnet-06d80ba37b63b07eb",
            "ipv6_cidr_block": "",
            "ipv6_cidr_block_association_id": "",
            "ipv6_native": false,
            "map_customer_owned_ip_on_launch": false,
            "map_public_ip_on_launch": true,
            "outpost_arn": "",
            "owner_id": "390403881443",
            "private_dns_hostname_type_on_launch": "ip-name",
            "region": "ap-northeast-2",
            "tags": {
              "Name": "public-subnet-c"
            },
            "tags_all": {
              "Name": "public-subnet-c"
            },
            "timeouts": null,
            "vpc_id": "vpc-0748494bfb8aedfd0"
          },
          "sensitive_attributes": [],
          "private": "eyJlMmJmYjczMC1lY2FhLTExZTYtOGY4OC0zNDM2M2JjN2M0YzAiOnsiY3JlYXRlIjo2MDAwMDAwMDAwMDAsImRlbGV0ZSI6MTIwMDAwMDAwMDAwMH0sInNjaGVtYV92ZXJzaW9uIjoiMSJ9",
          "dependencies": [
            "module.vpc.aws_vpc.cloud4"
          ]
        }
      ]
    },
    {
      "module": "module.vpc",
      "mode": "managed",
      "type": "aws_vpc",
      "name": "cloud4",
      "provider": "provider[\"registry.terraform.io/hashicorp/aws\"]",
      "instances": [
        {
          "schema_version": 1,
          "attributes": {
            "arn": "arn:aws:ec2:ap-northeast-2:390403881443:vpc/vpc-0748494bfb8aedfd0",
            "assign_generated_ipv6_cidr_block": false,
            "cidr_block": "192.168.108.0/24",
            "default_network_acl_id": "acl-03728e5bab847c22a",
            "default_route_table_id": "rtb-02f76d45f98eb62fb",
            "default_security_group_id": "sg-0f7b5c256c1a2e617",
            "dhcp_options_id": "dopt-0bb6bf2626d3217a9",
            "enable_dns_hostnames": true,
            "enable_dns_support": true,
            "enable_network_address_usage_metrics": false,
            "id": "vpc-0748494bfb8aedfd0",
            "instance_tenancy": "default",
            "ipv4_ipam_pool_id": null,
            "ipv4_netmask_length": null,
            "ipv6_association_id": "",
            "ipv6_cidr_block": "",
            "ipv6_cidr_block_network_border_group": "",
            "ipv6_ipam_pool_id": "",
            "ipv6_netmask_length": 0,
            "main_route_table_id": "rtb-02f76d45f98eb62fb",
            "owner_id": "390403881443",
            "region": "ap-northeast-2",
            "tags": {
              "Name": "cloudproject-vpc"
            },
            "tags_all": {
              "Name": "cloudproject-vpc"
            }
          },
          "sensitive_attributes": [],
          "private": "eyJzY2hlbWFfdmVyc2lvbiI6IjEifQ=="
        }
      ]
    }
  ],
  "check_results": null
}
